
Microsoft Visual Studio Solution File, Format Version 12.00
# Visual Studio 15
VisualStudioVersion = 15.0.27428.2043
MinimumVisualStudioVersion = 10.0.40219.1
Project("{8BC9CEB8-8B4A-11D0-8D11-00A0C91BC942}") = "C4D Exporter", "C4D Exporter\C4D Exporter.vcxproj", "{1CBD24D8-7560-465A-B487-850D75CE6DBF}"
EndProject
Project("{8BC9CEB8-8B4A-11D0-8D11-00A0C91BC942}") = "cinema.framework", "..\..\..\..\..\..\..\Program Files\MAXON\Cinema 4D R19\frameworks\cinema.framework\project\cinema.framework.vcxproj", "{69BF9B7D-7EB2-7FC5-0009-38CB8C5CDEA3}"
EndProject
Project("{8BC9CEB8-8B4A-11D0-8D11-00A0C91BC942}") = "Library", "..\SVDF\Library\Library.vcxproj", "{FB51E074-3A4E-4821-B1AD-B50E0A289732}"
EndProject
Global
	GlobalSection(SolutionConfigurationPlatforms) = preSolution
		Debug|x64 = Debug|x64
		Debug|x86 = Debug|x86
		Intel|x64 = Intel|x64
		Intel|x86 = Intel|x86
		LibDebug|x64 = LibDebug|x64
		LibDebug|x86 = LibDebug|x86
		LibIntel|x64 = LibIntel|x64
		LibIntel|x86 = LibIntel|x86
		LibRelease|x64 = LibRelease|x64
		LibRelease|x86 = LibRelease|x86
		LibUnityDebug|x64 = LibUnityDebug|x64
		LibUnityDebug|x86 = LibUnityDebug|x86
		Release|x64 = Release|x64
		Release|x86 = Release|x86
		UnityDebug|x64 = UnityDebug|x64
		UnityDebug|x86 = UnityDebug|x86
	EndGlobalSection
	GlobalSection(ProjectConfigurationPlatforms) = postSolution
		{1CBD24D8-7560-465A-B487-850D75CE6DBF}.Debug|x64.ActiveCfg = Debug|x64
		{1CBD24D8-7560-465A-B487-850D75CE6DBF}.Debug|x64.Build.0 = Debug|x64
		{1CBD24D8-7560-465A-B487-850D75CE6DBF}.Debug|x86.ActiveCfg = Debug|x64
		{1CBD24D8-7560-465A-B487-850D75CE6DBF}.Intel|x64.ActiveCfg = Release|x64
		{1CBD24D8-7560-465A-B487-850D75CE6DBF}.Intel|x64.Build.0 = Release|x64
		{1CBD24D8-7560-465A-B487-850D75CE6DBF}.Intel|x86.ActiveCfg = Release|x64
		{1CBD24D8-7560-465A-B487-850D75CE6DBF}.Intel|x86.Build.0 = Release|x64
		{1CBD24D8-7560-465A-B487-850D75CE6DBF}.LibDebug|x64.ActiveCfg = Debug|x64
		{1CBD24D8-7560-465A-B487-850D75CE6DBF}.LibDebug|x64.Build.0 = Debug|x64
		{1CBD24D8-7560-465A-B487-850D75CE6DBF}.LibDebug|x86.ActiveCfg = Release|x64
		{1CBD24D8-7560-465A-B487-850D75CE6DBF}.LibDebug|x86.Build.0 = Release|x64
		{1CBD24D8-7560-465A-B487-850D75CE6DBF}.LibIntel|x64.ActiveCfg = Release|x64
		{1CBD24D8-7560-465A-B487-850D75CE6DBF}.LibIntel|x64.Build.0 = Release|x64
		{1CBD24D8-7560-465A-B487-850D75CE6DBF}.LibIntel|x86.ActiveCfg = Release|x64
		{1CBD24D8-7560-465A-B487-850D75CE6DBF}.LibIntel|x86.Build.0 = Release|x64
		{1CBD24D8-7560-465A-B487-850D75CE6DBF}.LibRelease|x64.ActiveCfg = Release|x64
		{1CBD24D8-7560-465A-B487-850D75CE6DBF}.LibRelease|x64.Build.0 = Release|x64
		{1CBD24D8-7560-465A-B487-850D75CE6DBF}.LibRelease|x86.ActiveCfg = Release|x64
		{1CBD24D8-7560-465A-B487-850D75CE6DBF}.LibRelease|x86.Build.0 = Release|x64
		{1CBD24D8-7560-465A-B487-850D75CE6DBF}.LibUnityDebug|x64.ActiveCfg = Debug|x64
		{1CBD24D8-7560-465A-B487-850D75CE6DBF}.LibUnityDebug|x64.Build.0 = Debug|x64
		{1CBD24D8-7560-465A-B487-850D75CE6DBF}.LibUnityDebug|x86.ActiveCfg = Release|x64
		{1CBD24D8-7560-465A-B487-850D75CE6DBF}.LibUnityDebug|x86.Build.0 = Release|x64
		{1CBD24D8-7560-465A-B487-850D75CE6DBF}.Release|x64.ActiveCfg = Release|x64
		{1CBD24D8-7560-465A-B487-850D75CE6DBF}.Release|x64.Build.0 = Release|x64
		{1CBD24D8-7560-465A-B487-850D75CE6DBF}.Release|x86.ActiveCfg = Release|x64
		{1CBD24D8-7560-465A-B487-850D75CE6DBF}.UnityDebug|x64.ActiveCfg = Debug|x64
		{1CBD24D8-7560-465A-B487-850D75CE6DBF}.UnityDebug|x64.Build.0 = Debug|x64
		{1CBD24D8-7560-465A-B487-850D75CE6DBF}.UnityDebug|x86.ActiveCfg = Release|x64
		{1CBD24D8-7560-465A-B487-850D75CE6DBF}.UnityDebug|x86.Build.0 = Release|x64
		{69BF9B7D-7EB2-7FC5-0009-38CB8C5CDEA3}.Debug|x64.ActiveCfg = Debug|x64
		{69BF9B7D-7EB2-7FC5-0009-38CB8C5CDEA3}.Debug|x64.Build.0 = Debug|x64
		{69BF9B7D-7EB2-7FC5-0009-38CB8C5CDEA3}.Debug|x86.ActiveCfg = Debug|x64
		{69BF9B7D-7EB2-7FC5-0009-38CB8C5CDEA3}.Intel|x64.ActiveCfg = Intel|x64
		{69BF9B7D-7EB2-7FC5-0009-38CB8C5CDEA3}.Intel|x64.Build.0 = Intel|x64
		{69BF9B7D-7EB2-7FC5-0009-38CB8C5CDEA3}.Intel|x86.ActiveCfg = Intel|x64
		{69BF9B7D-7EB2-7FC5-0009-38CB8C5CDEA3}.LibDebug|x64.ActiveCfg = LibDebug|x64
		{69BF9B7D-7EB2-7FC5-0009-38CB8C5CDEA3}.LibDebug|x64.Build.0 = LibDebug|x64
		{69BF9B7D-7EB2-7FC5-0009-38CB8C5CDEA3}.LibDebug|x86.ActiveCfg = LibDebug|x64
		{69BF9B7D-7EB2-7FC5-0009-38CB8C5CDEA3}.LibIntel|x64.ActiveCfg = LibIntel|x64
		{69BF9B7D-7EB2-7FC5-0009-38CB8C5CDEA3}.LibIntel|x64.Build.0 = LibIntel|x64
		{69BF9B7D-7EB2-7FC5-0009-38CB8C5CDEA3}.LibIntel|x86.ActiveCfg = LibIntel|x64
		{69BF9B7D-7EB2-7FC5-0009-38CB8C5CDEA3}.LibRelease|x64.ActiveCfg = LibRelease|x64
		{69BF9B7D-7EB2-7FC5-0009-38CB8C5CDEA3}.LibRelease|x64.Build.0 = LibRelease|x64
		{69BF9B7D-7EB2-7FC5-0009-38CB8C5CDEA3}.LibRelease|x86.ActiveCfg = LibRelease|x64
		{69BF9B7D-7EB2-7FC5-0009-38CB8C5CDEA3}.LibUnityDebug|x64.ActiveCfg = LibUnityDebug|x64
		{69BF9B7D-7EB2-7FC5-0009-38CB8C5CDEA3}.LibUnityDebug|x64.Build.0 = LibUnityDebug|x64
		{69BF9B7D-7EB2-7FC5-0009-38CB8C5CDEA3}.LibUnityDebug|x86.ActiveCfg = LibUnityDebug|x64
		{69BF9B7D-7EB2-7FC5-0009-38CB8C5CDEA3}.Release|x64.ActiveCfg = Release|x64
		{69BF9B7D-7EB2-7FC5-0009-38CB8C5CDEA3}.Release|x64.Build.0 = Release|x64
		{69BF9B7D-7EB2-7FC5-0009-38CB8C5CDEA3}.Release|x86.ActiveCfg = Release|x64
		{69BF9B7D-7EB2-7FC5-0009-38CB8C5CDEA3}.UnityDebug|x64.ActiveCfg = UnityDebug|x64
		{69BF9B7D-7EB2-7FC5-0009-38CB8C5CDEA3}.UnityDebug|x64.Build.0 = UnityDebug|x64
		{69BF9B7D-7EB2-7FC5-0009-38CB8C5CDEA3}.UnityDebug|x86.ActiveCfg = UnityDebug|x64
		{FB51E074-3A4E-4821-B1AD-B50E0A289732}.Debug|x64.ActiveCfg = Debug|x64
		{FB51E074-3A4E-4821-B1AD-B50E0A289732}.Debug|x64.Build.0 = Debug|x64
		{FB51E074-3A4E-4821-B1AD-B50E0A289732}.Debug|x86.ActiveCfg = Debug|Win32
		{FB51E074-3A4E-4821-B1AD-B50E0A289732}.Debug|x86.Build.0 = Debug|Win32
		{FB51E074-3A4E-4821-B1AD-B50E0A289732}.Intel|x64.ActiveCfg = Release|x64
		{FB51E074-3A4E-4821-B1AD-B50E0A289732}.Intel|x64.Build.0 = Release|x64
		{FB51E074-3A4E-4821-B1AD-B50E0A289732}.Intel|x86.ActiveCfg = Release|Win32
		{FB51E074-3A4E-4821-B1AD-B50E0A289732}.Intel|x86.Build.0 = Release|Win32
		{FB51E074-3A4E-4821-B1AD-B50E0A289732}.LibDebug|x64.ActiveCfg = Debug|x64
		{FB51E074-3A4E-4821-B1AD-B50E0A289732}.LibDebug|x64.Build.0 = Debug|x64
		{FB51E074-3A4E-4821-B1AD-B50E0A289732}.LibDebug|x86.ActiveCfg = Debug|Win32
		{FB51E074-3A4E-4821-B1AD-B50E0A289732}.LibDebug|x86.Build.0 = Debug|Win32
		{FB51E074-3A4E-4821-B1AD-B50E0A289732}.LibIntel|x64.ActiveCfg = Release|x64
		{FB51E074-3A4E-4821-B1AD-B50E0A289732}.LibIntel|x64.Build.0 = Release|x64
		{FB51E074-3A4E-4821-B1AD-B50E0A289732}.LibIntel|x86.ActiveCfg = Release|Win32
		{FB51E074-3A4E-4821-B1AD-B50E0A289732}.LibIntel|x86.Build.0 = Release|Win32
		{FB51E074-3A4E-4821-B1AD-B50E0A289732}.LibRelease|x64.ActiveCfg = Release|x64
		{FB51E074-3A4E-4821-B1AD-B50E0A289732}.LibRelease|x64.Build.0 = Release|x64
		{FB51E074-3A4E-4821-B1AD-B50E0A289732}.LibRelease|x86.ActiveCfg = Release|Win32
		{FB51E074-3A4E-4821-B1AD-B50E0A289732}.LibRelease|x86.Build.0 = Release|Win32
		{FB51E074-3A4E-4821-B1AD-B50E0A289732}.LibUnityDebug|x64.ActiveCfg = Debug|x64
		{FB51E074-3A4E-4821-B1AD-B50E0A289732}.LibUnityDebug|x64.Build.0 = Debug|x64
		{FB51E074-3A4E-4821-B1AD-B50E0A289732}.LibUnityDebug|x86.ActiveCfg = Debug|Win32
		{FB51E074-3A4E-4821-B1AD-B50E0A289732}.LibUnityDebug|x86.Build.0 = Debug|Win32
		{FB51E074-3A4E-4821-B1AD-B50E0A289732}.Release|x64.ActiveCfg = Release|x64
		{FB51E074-3A4E-4821-B1AD-B50E0A289732}.Release|x64.Build.0 = Release|x64
		{FB51E074-3A4E-4821-B1AD-B50E0A289732}.Release|x86.ActiveCfg = Release|Win32
		{FB51E074-3A4E-4821-B1AD-B50E0A289732}.Release|x86.Build.0 = Release|Win32
		{FB51E074-3A4E-4821-B1AD-B50E0A289732}.UnityDebug|x64.ActiveCfg = Debug|x64
		{FB51E074-3A4E-4821-B1AD-B50E0A289732}.UnityDebug|x64.Build.0 = Debug|x64
		{FB51E074-3A4E-4821-B1AD-B50E0A289732}.UnityDebug|x86.ActiveCfg = Debug|Win32
		{FB51E074-3A4E-4821-B1AD-B50E0A289732}.UnityDebug|x86.Build.0 = Debug|Win32
	EndGlobalSection
	GlobalSection(SolutionProperties) = preSolution
		HideSolutionNode = FALSE
	EndGlobalSection
	GlobalSection(ExtensibilityGlobals) = postSolution
		SolutionGuid = {3E4A8D9A-3E6A-49C9-BD8A-A0CBC29D6018}
	EndGlobalSection
EndGlobal
